
Microsoft Visual Studio Solution File, Format Version 12.00
# Visual Studio 14
VisualStudioVersion = 14.0.25420.1
MinimumVisualStudioVersion = 10.0.40219.1
Project("{FAE04EC0-301F-11D3-BF4B-00C04F79EFBC}") = "LC_order_reconstruction", "LC_order_reconstruction\LC_order_reconstruction.csproj", "{BA970657-64FB-4775-9E22-91CE9A410856}"
EndProject
Project("{FAE04EC0-301F-11D3-BF4B-00C04F79EFBC}") = "LC_order_reconstruction_3D", "LC_order_reconstruction_3D\LC_order_reconstruction_3D.csproj", "{4CCEEC04-04E8-4A42-8E15-97BC328CEB2D}"
EndProject
Project("{FAE04EC0-301F-11D3-BF4B-00C04F79EFBC}") = "Interferometry", "Interferometry\Interferometry.csproj", "{3CD651A6-D7BF-48CA-977F-C6C4E189AC96}"
EndProject
Project("{FAE04EC0-301F-11D3-BF4B-00C04F79EFBC}") = "Class_library", "Euler_Lagrange_equations\Class_library.csproj", "{AB8A0A59-A3FF-4705-A970-71F2CC6013C5}"
EndProject
Global
	GlobalSection(SolutionConfigurationPlatforms) = preSolution
		Debug|Any CPU = Debug|Any CPU
		Debug|x64 = Debug|x64
		Debug|x86 = Debug|x86
		Release|Any CPU = Release|Any CPU
		Release|x64 = Release|x64
		Release|x86 = Release|x86
	EndGlobalSection
	GlobalSection(ProjectConfigurationPlatforms) = postSolution
		{BA970657-64FB-4775-9E22-91CE9A410856}.Debug|Any CPU.ActiveCfg = Debug|Any CPU
		{BA970657-64FB-4775-9E22-91CE9A410856}.Debug|Any CPU.Build.0 = Debug|Any CPU
		{BA970657-64FB-4775-9E22-91CE9A410856}.Debug|x64.ActiveCfg = Debug|Any CPU
		{BA970657-64FB-4775-9E22-91CE9A410856}.Debug|x64.Build.0 = Debug|Any CPU
		{BA970657-64FB-4775-9E22-91CE9A410856}.Debug|x86.ActiveCfg = Debug|Any CPU
		{BA970657-64FB-4775-9E22-91CE9A410856}.Debug|x86.Build.0 = Debug|Any CPU
		{BA970657-64FB-4775-9E22-91CE9A410856}.Release|Any CPU.ActiveCfg = Release|Any CPU
		{BA970657-64FB-4775-9E22-91CE9A410856}.Release|Any CPU.Build.0 = Release|Any CPU
		{BA970657-64FB-4775-9E22-91CE9A410856}.Release|x64.ActiveCfg = Release|Any CPU
		{BA970657-64FB-4775-9E22-91CE9A410856}.Release|x64.Build.0 = Release|Any CPU
		{BA970657-64FB-4775-9E22-91CE9A410856}.Release|x86.ActiveCfg = Release|Any CPU
		{BA970657-64FB-4775-9E22-91CE9A410856}.Release|x86.Build.0 = Release|Any CPU
		{4CCEEC04-04E8-4A42-8E15-97BC328CEB2D}.Debug|Any CPU.ActiveCfg = Debug|Any CPU
		{4CCEEC04-04E8-4A42-8E15-97BC328CEB2D}.Debug|Any CPU.Build.0 = Debug|Any CPU
		{4CCEEC04-04E8-4A42-8E15-97BC328CEB2D}.Debug|x64.ActiveCfg = Debug|Any CPU
		{4CCEEC04-04E8-4A42-8E15-97BC328CEB2D}.Debug|x64.Build.0 = Debug|Any CPU
		{4CCEEC04-04E8-4A42-8E15-97BC328CEB2D}.Debug|x86.ActiveCfg = Debug|Any CPU
		{4CCEEC04-04E8-4A42-8E15-97BC328CEB2D}.Debug|x86.Build.0 = Debug|Any CPU
		{4CCEEC04-04E8-4A42-8E15-97BC328CEB2D}.Release|Any CPU.ActiveCfg = Release|Any CPU
		{4CCEEC04-04E8-4A42-8E15-97BC328CEB2D}.Release|Any CPU.Build.0 = Release|Any CPU
		{4CCEEC04-04E8-4A42-8E15-97BC328CEB2D}.Release|x64.ActiveCfg = Release|Any CPU
		{4CCEEC04-04E8-4A42-8E15-97BC328CEB2D}.Release|x64.Build.0 = Release|Any CPU
		{4CCEEC04-04E8-4A42-8E15-97BC328CEB2D}.Release|x86.ActiveCfg = Release|Any CPU
		{4CCEEC04-04E8-4A42-8E15-97BC328CEB2D}.Release|x86.Build.0 = Release|Any CPU
		{3CD651A6-D7BF-48CA-977F-C6C4E189AC96}.Debug|Any CPU.ActiveCfg = Debug|Any CPU
		{3CD651A6-D7BF-48CA-977F-C6C4E189AC96}.Debug|Any CPU.Build.0 = Debug|Any CPU
		{3CD651A6-D7BF-48CA-977F-C6C4E189AC96}.Debug|x64.ActiveCfg = Debug|Any CPU
		{3CD651A6-D7BF-48CA-977F-C6C4E189AC96}.Debug|x64.Build.0 = Debug|Any CPU
		{3CD651A6-D7BF-48CA-977F-C6C4E189AC96}.Debug|x86.ActiveCfg = Debug|Any CPU
		{3CD651A6-D7BF-48CA-977F-C6C4E189AC96}.Debug|x86.Build.0 = Debug|Any CPU
		{3CD651A6-D7BF-48CA-977F-C6C4E189AC96}.Release|Any CPU.ActiveCfg = Release|Any CPU
		{3CD651A6-D7BF-48CA-977F-C6C4E189AC96}.Release|Any CPU.Build.0 = Release|Any CPU
		{3CD651A6-D7BF-48CA-977F-C6C4E189AC96}.Release|x64.ActiveCfg = Release|Any CPU
		{3CD651A6-D7BF-48CA-977F-C6C4E189AC96}.Release|x64.Build.0 = Release|Any CPU
		{3CD651A6-D7BF-48CA-977F-C6C4E189AC96}.Release|x86.ActiveCfg = Release|Any CPU
		{3CD651A6-D7BF-48CA-977F-C6C4E189AC96}.Release|x86.Build.0 = Release|Any CPU
		{AB8A0A59-A3FF-4705-A970-71F2CC6013C5}.Debug|Any CPU.ActiveCfg = Debug|Any CPU
		{AB8A0A59-A3FF-4705-A970-71F2CC6013C5}.Debug|Any CPU.Build.0 = Debug|Any CPU
		{AB8A0A59-A3FF-4705-A970-71F2CC6013C5}.Debug|x64.ActiveCfg = Debug|Any CPU
		{AB8A0A59-A3FF-4705-A970-71F2CC6013C5}.Debug|x64.Build.0 = Debug|Any CPU
		{AB8A0A59-A3FF-4705-A970-71F2CC6013C5}.Debug|x86.ActiveCfg = Debug|Any CPU
		{AB8A0A59-A3FF-4705-A970-71F2CC6013C5}.Debug|x86.Build.0 = Debug|Any CPU
		{AB8A0A59-A3FF-4705-A970-71F2CC6013C5}.Release|Any CPU.ActiveCfg = Release|Any CPU
		{AB8A0A59-A3FF-4705-A970-71F2CC6013C5}.Release|Any CPU.Build.0 = Release|Any CPU
		{AB8A0A59-A3FF-4705-A970-71F2CC6013C5}.Release|x64.ActiveCfg = Release|Any CPU
		{AB8A0A59-A3FF-4705-A970-71F2CC6013C5}.Release|x64.Build.0 = Release|Any CPU
		{AB8A0A59-A3FF-4705-A970-71F2CC6013C5}.Release|x86.ActiveCfg = Release|Any CPU
		{AB8A0A59-A3FF-4705-A970-71F2CC6013C5}.Release|x86.Build.0 = Release|Any CPU
	EndGlobalSection
	GlobalSection(SolutionProperties) = preSolution
		HideSolutionNode = FALSE
	EndGlobalSection
EndGlobal
